
Microsoft Visual Studio Solution File, Format Version 12.00
# Visual Studio Version 17
VisualStudioVersion = 17.10.34928.147
MinimumVisualStudioVersion = 10.0.40219.1
Project("{8BC9CEB8-8B4A-11D0-8D11-00A0C91BC942}") = "kursovay3sem", "kursovay3sem\kursovay3sem.vcxproj", "{AFFA8E7C-3513-4E3E-B9A4-65FCE4F08E9E}"
EndProject
Global
	GlobalSection(SolutionConfigurationPlatforms) = preSolution
		Debug|x64 = Debug|x64
		Debug|x86 = Debug|x86
		Release|x64 = Release|x64
		Release|x86 = Release|x86
	EndGlobalSection
	GlobalSection(ProjectConfigurationPlatforms) = postSolution
		{AFFA8E7C-3513-4E3E-B9A4-65FCE4F08E9E}.Debug|x64.ActiveCfg = Debug|x64
		{AFFA8E7C-3513-4E3E-B9A4-65FCE4F08E9E}.Debug|x64.Build.0 = Debug|x64
		{AFFA8E7C-3513-4E3E-B9A4-65FCE4F08E9E}.Debug|x86.ActiveCfg = Debug|Win32
		{AFFA8E7C-3513-4E3E-B9A4-65FCE4F08E9E}.Debug|x86.Build.0 = Debug|Win32
		{AFFA8E7C-3513-4E3E-B9A4-65FCE4F08E9E}.Release|x64.ActiveCfg = Release|x64
		{AFFA8E7C-3513-4E3E-B9A4-65FCE4F08E9E}.Release|x64.Build.0 = Release|x64
		{AFFA8E7C-3513-4E3E-B9A4-65FCE4F08E9E}.Release|x86.ActiveCfg = Release|Win32
		{AFFA8E7C-3513-4E3E-B9A4-65FCE4F08E9E}.Release|x86.Build.0 = Release|Win32
	EndGlobalSection
	GlobalSection(SolutionProperties) = preSolution
		HideSolutionNode = FALSE
	EndGlobalSection
	GlobalSection(ExtensibilityGlobals) = postSolution
		SolutionGuid = {9A59D873-02AF-40C9-B697-C58B90788B9D}
	EndGlobalSection
EndGlobal
